
Microsoft Visual Studio Solution File, Format Version 12.00
# Visual Studio 15
VisualStudioVersion = 15.0.28010.2003
MinimumVisualStudioVersion = 10.0.40219.1
Project("{9A19103F-16F7-4668-BE54-9A1E7A4F7556}") = "MFM.Wordflow.App", "MFM.Wordflow.App\MFM.Wordflow.App.csproj", "{8B2D8C03-684F-4E47-843E-82C8DB7A4F11}"
EndProject
Project("{9A19103F-16F7-4668-BE54-9A1E7A4F7556}") = "MFM.WordFlow.Domain.Services", "MFM.WordFlow.Domain\MFM.WordFlow.Domain.Services.csproj", "{2541825A-4318-45C6-A83C-77C7BF7FE92C}"
EndProject
Project("{9A19103F-16F7-4668-BE54-9A1E7A4F7556}") = "MFM.WordFlow.Domain.Contracts", "MFM.WordFlow.Domain.Contracts\MFM.WordFlow.Domain.Contracts.csproj", "{20904DFF-6045-41EB-B0CB-EA8B4029DA03}"
EndProject
Project("{FAE04EC0-301F-11D3-BF4B-00C04F79EFBC}") = "MFM.WordFlow.Domain.UnitTests", "MFM.WordFlow.Domain.UnitTests\MFM.WordFlow.Domain.UnitTests.csproj", "{C0DDFED8-E934-42A3-BD7F-C316365D824F}"
EndProject
Global
	GlobalSection(SolutionConfigurationPlatforms) = preSolution
		Debug|Any CPU = Debug|Any CPU
		Release|Any CPU = Release|Any CPU
	EndGlobalSection
	GlobalSection(ProjectConfigurationPlatforms) = postSolution
		{8B2D8C03-684F-4E47-843E-82C8DB7A4F11}.Debug|Any CPU.ActiveCfg = Debug|Any CPU
		{8B2D8C03-684F-4E47-843E-82C8DB7A4F11}.Debug|Any CPU.Build.0 = Debug|Any CPU
		{8B2D8C03-684F-4E47-843E-82C8DB7A4F11}.Release|Any CPU.ActiveCfg = Release|Any CPU
		{8B2D8C03-684F-4E47-843E-82C8DB7A4F11}.Release|Any CPU.Build.0 = Release|Any CPU
		{2541825A-4318-45C6-A83C-77C7BF7FE92C}.Debug|Any CPU.ActiveCfg = Debug|Any CPU
		{2541825A-4318-45C6-A83C-77C7BF7FE92C}.Debug|Any CPU.Build.0 = Debug|Any CPU
		{2541825A-4318-45C6-A83C-77C7BF7FE92C}.Release|Any CPU.ActiveCfg = Release|Any CPU
		{2541825A-4318-45C6-A83C-77C7BF7FE92C}.Release|Any CPU.Build.0 = Release|Any CPU
		{20904DFF-6045-41EB-B0CB-EA8B4029DA03}.Debug|Any CPU.ActiveCfg = Debug|Any CPU
		{20904DFF-6045-41EB-B0CB-EA8B4029DA03}.Debug|Any CPU.Build.0 = Debug|Any CPU
		{20904DFF-6045-41EB-B0CB-EA8B4029DA03}.Release|Any CPU.ActiveCfg = Release|Any CPU
		{20904DFF-6045-41EB-B0CB-EA8B4029DA03}.Release|Any CPU.Build.0 = Release|Any CPU
		{C0DDFED8-E934-42A3-BD7F-C316365D824F}.Debug|Any CPU.ActiveCfg = Debug|Any CPU
		{C0DDFED8-E934-42A3-BD7F-C316365D824F}.Debug|Any CPU.Build.0 = Debug|Any CPU
		{C0DDFED8-E934-42A3-BD7F-C316365D824F}.Release|Any CPU.ActiveCfg = Release|Any CPU
		{C0DDFED8-E934-42A3-BD7F-C316365D824F}.Release|Any CPU.Build.0 = Release|Any CPU
	EndGlobalSection
	GlobalSection(SolutionProperties) = preSolution
		HideSolutionNode = FALSE
	EndGlobalSection
	GlobalSection(ExtensibilityGlobals) = postSolution
		SolutionGuid = {CB1E60ED-C69D-49E0-901C-93473BB935CC}
	EndGlobalSection
EndGlobal
